
Microsoft Visual Studio Solution File, Format Version 12.00
# Visual Studio Version 17
VisualStudioVersion = 17.1.32210.238
MinimumVisualStudioVersion = 10.0.40219.1
Project("{FAE04EC0-301F-11D3-BF4B-00C04F79EFBC}") = "angularjs-asp-net48-mvc5", "angularjs-asp-net48-mvc5.csproj", "{43046E18-F0D2-4443-98D5-4650BDCB3A8B}"
EndProject
Global
	GlobalSection(SolutionConfigurationPlatforms) = preSolution
		Debug|Any CPU = Debug|Any CPU
		Release|Any CPU = Release|Any CPU
	EndGlobalSection
	GlobalSection(ProjectConfigurationPlatforms) = postSolution
		{43046E18-F0D2-4443-98D5-4650BDCB3A8B}.Debug|Any CPU.ActiveCfg = Debug|Any CPU
		{43046E18-F0D2-4443-98D5-4650BDCB3A8B}.Debug|Any CPU.Build.0 = Debug|Any CPU
		{43046E18-F0D2-4443-98D5-4650BDCB3A8B}.Release|Any CPU.ActiveCfg = Release|Any CPU
		{43046E18-F0D2-4443-98D5-4650BDCB3A8B}.Release|Any CPU.Build.0 = Release|Any CPU
	EndGlobalSection
	GlobalSection(SolutionProperties) = preSolution
		HideSolutionNode = FALSE
	EndGlobalSection
	GlobalSection(ExtensibilityGlobals) = postSolution
		SolutionGuid = {55540DD8-85C5-40CE-9321-BD6F7EEE4352}
	EndGlobalSection
EndGlobal
